{
  "originHash" : "47eed020bcbb300707bf3a416d9a8be03379a16b16aea0996bca19fa385491bb",
  "pins" : [
    {
      "identity" : "sparkle",
      "kind" : "remoteSourceControl",
      "location" : "https://github.com/sparkle-project/Sparkle",
      "state" : {
        "revision" : "066e75a8b3e99962685d6a90cdd5293ebffd9261",
        "version" : "2.9.1"
      }
    }
  ],
  "version" : 3
}
